{
  "name": "tsiram-422",
  "version": "0.0.1",
  "lockfileVersion": 1,
  "requires": true,
  "dependencies": {
    "@types/node": {
      "version": "13.13.44",
      "resolved": "https://registry.npmjs.org/@types/node/-/node-13.13.44.tgz",
      "integrity": "sha512-SmWrt1iSL/O+62rWzhvGI508n7kFwpk7B7++rSqyx1RqkNRgWmJ+52Tlu7Cgb/KdCjgiMli37npNfO+tRlKk9w==",
      "dev": true
    },
    "typescript": {
      "version": "3.9.9",
      "resolved": "https://registry.npmjs.org/typescript/-/typescript-3.9.9.tgz",
      "integrity": "sha512-kdMjTiekY+z/ubJCATUPlRDl39vXYiMV9iyeMuEuXZh2we6zz80uovNN2WlAxmmdE/Z/YQe+EbOEXB5RHEED3w=="
    }
  }
}
